// !$*UTF8*$!
{
	archiveVersion = 1;
	classes = {
	};
	objectVersion = 56;
	objects = {

/* Begin PBXBuildFile section */
		BC5FA1AD2B9E3077005AD6D8 /* videoPlayerView.swift in Sources */ = {isa = PBXBuildFile; fileRef = BC5FA1AC2B9E3077005AD6D8 /* videoPlayerView.swift */; };
		BC5FA1B92B9E3176005AD6D8 /* zebra.mp4 in Resources */ = {isa = PBXBuildFile; fileRef = BC5FA1AF2B9E3174005AD6D8 /* zebra.mp4 */; };
		BC5FA1BA2B9E3176005AD6D8 /* gorilla.mp4 in Resources */ = {isa = PBXBuildFile; fileRef = BC5FA1B02B9E3174005AD6D8 /* gorilla.mp4 */; };
		BC5FA1BB2B9E3176005AD6D8 /* elephant.mp4 in Resources */ = {isa = PBXBuildFile; fileRef = BC5FA1B12B9E3175005AD6D8 /* elephant.mp4 */; };
		BC5FA1BC2B9E3176005AD6D8 /* cheetah.mp4 in Resources */ = {isa = PBXBuildFile; fileRef = BC5FA1B22B9E3175005AD6D8 /* cheetah.mp4 */; };
		BC5FA1BD2B9E3176005AD6D8 /* hippo.mp4 in Resources */ = {isa = PBXBuildFile; fileRef = BC5FA1B32B9E3175005AD6D8 /* hippo.mp4 */; };
		BC5FA1BE2B9E3176005AD6D8 /* giraffe.mp4 in Resources */ = {isa = PBXBuildFile; fileRef = BC5FA1B42B9E3175005AD6D8 /* giraffe.mp4 */; };
		BC5FA1BF2B9E3176005AD6D8 /* lioness.mp4 in Resources */ = {isa = PBXBuildFile; fileRef = BC5FA1B52B9E3175005AD6D8 /* lioness.mp4 */; };
		BC5FA1C02B9E3176005AD6D8 /* rhino.mp4 in Resources */ = {isa = PBXBuildFile; fileRef = BC5FA1B62B9E3176005AD6D8 /* rhino.mp4 */; };
		BC5FA1C12B9E3176005AD6D8 /* ostrich.mp4 in Resources */ = {isa = PBXBuildFile; fileRef = BC5FA1B72B9E3176005AD6D8 /* ostrich.mp4 */; };
		BC5FA1C22B9E3176005AD6D8 /* lion.mp4 in Resources */ = {isa = PBXBuildFile; fileRef = BC5FA1B82B9E3176005AD6D8 /* lion.mp4 */; };
		BC5FA1C52B9E31D1005AD6D8 /* VideoPlayerHelper.swift in Sources */ = {isa = PBXBuildFile; fileRef = BC5FA1C42B9E31D1005AD6D8 /* VideoPlayerHelper.swift */; };
		BC5FA1C72B9E4B3F005AD6D8 /* LocationModel.swift in Sources */ = {isa = PBXBuildFile; fileRef = BC5FA1C62B9E4B3F005AD6D8 /* LocationModel.swift */; };
		BC67DB6B2B964A2D00ED4156 /* ExternalWeblinkView.swift in Sources */ = {isa = PBXBuildFile; fileRef = BC67DB6A2B964A2D00ED4156 /* ExternalWeblinkView.swift */; };
		BC84CF842B9F60D50076FA02 /* dhruvin.json in Resources */ = {isa = PBXBuildFile; fileRef = BC84CF832B9F60D50076FA02 /* dhruvin.json */; };
		BCA91F4C2B8C1B9B00EE69E1 /* AfricaApp.swift in Sources */ = {isa = PBXBuildFile; fileRef = BCA91F4B2B8C1B9B00EE69E1 /* AfricaApp.swift */; };
		BCA91F4E2B8C1B9B00EE69E1 /* ContentView.swift in Sources */ = {isa = PBXBuildFile; fileRef = BCA91F4D2B8C1B9B00EE69E1 /* ContentView.swift */; };
		BCA91F502B8C1B9D00EE69E1 /* Assets.xcassets in Resources */ = {isa = PBXBuildFile; fileRef = BCA91F4F2B8C1B9D00EE69E1 /* Assets.xcassets */; };
		BCA91F532B8C1B9D00EE69E1 /* Preview Assets.xcassets in Resources */ = {isa = PBXBuildFile; fileRef = BCA91F522B8C1B9D00EE69E1 /* Preview Assets.xcassets */; };
		BCA91F632B8C21C800EE69E1 /* VideoListView.swift in Sources */ = {isa = PBXBuildFile; fileRef = BCA91F622B8C21C800EE69E1 /* VideoListView.swift */; };
		BCA91F652B8C21D500EE69E1 /* MapView.swift in Sources */ = {isa = PBXBuildFile; fileRef = BCA91F642B8C21D500EE69E1 /* MapView.swift */; };
		BCA91F672B8C21F200EE69E1 /* GalleryView.swift in Sources */ = {isa = PBXBuildFile; fileRef = BCA91F662B8C21F200EE69E1 /* GalleryView.swift */; };
		BCA91F692B8C220300EE69E1 /* MainView.swift in Sources */ = {isa = PBXBuildFile; fileRef = BCA91F682B8C220300EE69E1 /* MainView.swift */; };
		BCA91F6C2B8C2EEC00EE69E1 /* CoverImageView.swift in Sources */ = {isa = PBXBuildFile; fileRef = BCA91F6B2B8C2EEC00EE69E1 /* CoverImageView.swift */; };
		BCA91F6F2B8C34E900EE69E1 /* CoverImageModel.swift in Sources */ = {isa = PBXBuildFile; fileRef = BCA91F6E2B8C34E900EE69E1 /* CoverImageModel.swift */; };
		BCA91F722B8E73BE00EE69E1 /* CodebleBundleExtension.swift in Sources */ = {isa = PBXBuildFile; fileRef = BCA91F712B8E73BE00EE69E1 /* CodebleBundleExtension.swift */; };
		BCA91F752B90358900EE69E1 /* covers.json in Resources */ = {isa = PBXBuildFile; fileRef = BCA91F742B90358900EE69E1 /* covers.json */; };
		BCA91F772B90E87400EE69E1 /* AnimalListItemview.swift in Sources */ = {isa = PBXBuildFile; fileRef = BCA91F762B90E87400EE69E1 /* AnimalListItemview.swift */; };
		BCA91F792B90EB7A00EE69E1 /* AnimalModel.swift in Sources */ = {isa = PBXBuildFile; fileRef = BCA91F782B90EB7A00EE69E1 /* AnimalModel.swift */; };
		BCA91F7D2B90EDFF00EE69E1 /* animals.json in Resources */ = {isa = PBXBuildFile; fileRef = BCA91F7C2B90EDFF00EE69E1 /* animals.json */; };
		BCA91F7F2B91011C00EE69E1 /* AnimalDetailView.swift in Sources */ = {isa = PBXBuildFile; fileRef = BCA91F7E2B91011C00EE69E1 /* AnimalDetailView.swift */; };
		BCA91F812B910C2300EE69E1 /* HeadingView.swift in Sources */ = {isa = PBXBuildFile; fileRef = BCA91F802B910C2300EE69E1 /* HeadingView.swift */; };
		BCA91F832B910D4700EE69E1 /* InsetGallaryView.swift in Sources */ = {isa = PBXBuildFile; fileRef = BCA91F822B910D4700EE69E1 /* InsetGallaryView.swift */; };
		BCA91F852B91768000EE69E1 /* InsetFactView.swift in Sources */ = {isa = PBXBuildFile; fileRef = BCA91F842B91768000EE69E1 /* InsetFactView.swift */; };
		BCA91F872B91795400EE69E1 /* InsetMapView.swift in Sources */ = {isa = PBXBuildFile; fileRef = BCA91F862B91795400EE69E1 /* InsetMapView.swift */; };
		BCDE59B92B9CF10A0080D503 /* videoModel.swift in Sources */ = {isa = PBXBuildFile; fileRef = BCDE59B82B9CF10A0080D503 /* videoModel.swift */; };
		BCDE59BB2B9CF16B0080D503 /* VideoListItemView.swift in Sources */ = {isa = PBXBuildFile; fileRef = BCDE59BA2B9CF16B0080D503 /* VideoListItemView.swift */; };
		BCDE59BD2B9CF2450080D503 /* videos.json in Resources */ = {isa = PBXBuildFile; fileRef = BCDE59BC2B9CF2450080D503 /* videos.json */; };
/* End PBXBuildFile section */

/* Begin PBXFileReference section */
		BC5FA1AC2B9E3077005AD6D8 /* videoPlayerView.swift */ = {isa = PBXFileReference; lastKnownFileType = sourcecode.swift; path = videoPlayerView.swift; sourceTree = "<group>"; };
		BC5FA1AF2B9E3174005AD6D8 /* zebra.mp4 */ = {isa = PBXFileReference; lastKnownFileType = file; path = zebra.mp4; sourceTree = "<group>"; };
		BC5FA1B02B9E3174005AD6D8 /* gorilla.mp4 */ = {isa = PBXFileReference; lastKnownFileType = file; path = gorilla.mp4; sourceTree = "<group>"; };
		BC5FA1B12B9E3175005AD6D8 /* elephant.mp4 */ = {isa = PBXFileReference; lastKnownFileType = file; path = elephant.mp4; sourceTree = "<group>"; };
		BC5FA1B22B9E3175005AD6D8 /* cheetah.mp4 */ = {isa = PBXFileReference; lastKnownFileType = file; path = cheetah.mp4; sourceTree = "<group>"; };
		BC5FA1B32B9E3175005AD6D8 /* hippo.mp4 */ = {isa = PBXFileReference; lastKnownFileType = file; path = hippo.mp4; sourceTree = "<group>"; };
		BC5FA1B42B9E3175005AD6D8 /* giraffe.mp4 */ = {isa = PBXFileReference; lastKnownFileType = file; path = giraffe.mp4; sourceTree = "<group>"; };
		BC5FA1B52B9E3175005AD6D8 /* lioness.mp4 */ = {isa = PBXFileReference; lastKnownFileType = file; path = lioness.mp4; sourceTree = "<group>"; };
		BC5FA1B62B9E3176005AD6D8 /* rhino.mp4 */ = {isa = PBXFileReference; lastKnownFileType = file; path = rhino.mp4; sourceTree = "<group>"; };
		BC5FA1B72B9E3176005AD6D8 /* ostrich.mp4 */ = {isa = PBXFileReference; lastKnownFileType = file; path = ostrich.mp4; sourceTree = "<group>"; };
		BC5FA1B82B9E3176005AD6D8 /* lion.mp4 */ = {isa = PBXFileReference; lastKnownFileType = file; path = lion.mp4; sourceTree = "<group>"; };
		BC5FA1C42B9E31D1005AD6D8 /* VideoPlayerHelper.swift */ = {isa = PBXFileReference; lastKnownFileType = sourcecode.swift; path = VideoPlayerHelper.swift; sourceTree = "<group>"; };
		BC5FA1C62B9E4B3F005AD6D8 /* LocationModel.swift */ = {isa = PBXFileReference; lastKnownFileType = sourcecode.swift; path = LocationModel.swift; sourceTree = "<group>"; };
		BC67DB6A2B964A2D00ED4156 /* ExternalWeblinkView.swift */ = {isa = PBXFileReference; lastKnownFileType = sourcecode.swift; path = ExternalWeblinkView.swift; sourceTree = "<group>"; };
		BC84CF832B9F60D50076FA02 /* dhruvin.json */ = {isa = PBXFileReference; lastKnownFileType = text.json; path = dhruvin.json; sourceTree = "<group>"; };
		BCA91F482B8C1B9B00EE69E1 /* Africa.app */ = {isa = PBXFileReference; explicitFileType = wrapper.application; includeInIndex = 0; path = Africa.app; sourceTree = BUILT_PRODUCTS_DIR; };
		BCA91F4B2B8C1B9B00EE69E1 /* AfricaApp.swift */ = {isa = PBXFileReference; lastKnownFileType = sourcecode.swift; path = AfricaApp.swift; sourceTree = "<group>"; };
		BCA91F4D2B8C1B9B00EE69E1 /* ContentView.swift */ = {isa = PBXFileReference; lastKnownFileType = sourcecode.swift; path = ContentView.swift; sourceTree = "<group>"; };
		BCA91F4F2B8C1B9D00EE69E1 /* Assets.xcassets */ = {isa = PBXFileReference; lastKnownFileType = folder.assetcatalog; path = Assets.xcassets; sourceTree = "<group>"; };
		BCA91F522B8C1B9D00EE69E1 /* Preview Assets.xcassets */ = {isa = PBXFileReference; lastKnownFileType = folder.assetcatalog; path = "Preview Assets.xcassets"; sourceTree = "<group>"; };
		BCA91F602B8C1FF600EE69E1 /* Info.plist */ = {isa = PBXFileReference; lastKnownFileType = text.plist; path = Info.plist; sourceTree = "<group>"; };
		BCA91F622B8C21C800EE69E1 /* VideoListView.swift */ = {isa = PBXFileReference; lastKnownFileType = sourcecode.swift; path = VideoListView.swift; sourceTree = "<group>"; };
		BCA91F642B8C21D500EE69E1 /* MapView.swift */ = {isa = PBXFileReference; lastKnownFileType = sourcecode.swift; path = MapView.swift; sourceTree = "<group>"; };
		BCA91F662B8C21F200EE69E1 /* GalleryView.swift */ = {isa = PBXFileReference; lastKnownFileType = sourcecode.swift; path = GalleryView.swift; sourceTree = "<group>"; };
		BCA91F682B8C220300EE69E1 /* MainView.swift */ = {isa = PBXFileReference; lastKnownFileType = sourcecode.swift; path = MainView.swift; sourceTree = "<group>"; };
		BCA91F6B2B8C2EEC00EE69E1 /* CoverImageView.swift */ = {isa = PBXFileReference; lastKnownFileType = sourcecode.swift; path = CoverImageView.swift; sourceTree = "<group>"; };
		BCA91F6E2B8C34E900EE69E1 /* CoverImageModel.swift */ = {isa = PBXFileReference; lastKnownFileType = sourcecode.swift; path = CoverImageModel.swift; sourceTree = "<group>"; };
		BCA91F712B8E73BE00EE69E1 /* CodebleBundleExtension.swift */ = {isa = PBXFileReference; lastKnownFileType = sourcecode.swift; path = CodebleBundleExtension.swift; sourceTree = "<group>"; };
		BCA91F742B90358900EE69E1 /* covers.json */ = {isa = PBXFileReference; lastKnownFileType = text.json; path = covers.json; sourceTree = "<group>"; };
		BCA91F762B90E87400EE69E1 /* AnimalListItemview.swift */ = {isa = PBXFileReference; lastKnownFileType = sourcecode.swift; path = AnimalListItemview.swift; sourceTree = "<group>"; };
		BCA91F782B90EB7A00EE69E1 /* AnimalModel.swift */ = {isa = PBXFileReference; lastKnownFileType = sourcecode.swift; path = AnimalModel.swift; sourceTree = "<group>"; };
		BCA91F7C2B90EDFF00EE69E1 /* animals.json */ = {isa = PBXFileReference; lastKnownFileType = text.json; path = animals.json; sourceTree = "<group>"; };
		BCA91F7E2B91011C00EE69E1 /* AnimalDetailView.swift */ = {isa = PBXFileReference; lastKnownFileType = sourcecode.swift; path = AnimalDetailView.swift; sourceTree = "<group>"; };
		BCA91F802B910C2300EE69E1 /* HeadingView.swift */ = {isa = PBXFileReference; lastKnownFileType = sourcecode.swift; path = HeadingView.swift; sourceTree = "<group>"; };
		BCA91F822B910D4700EE69E1 /* InsetGallaryView.swift */ = {isa = PBXFileReference; lastKnownFileType = sourcecode.swift; path = InsetGallaryView.swift; sourceTree = "<group>"; };
		BCA91F842B91768000EE69E1 /* InsetFactView.swift */ = {isa = PBXFileReference; lastKnownFileType = sourcecode.swift; path = InsetFactView.swift; sourceTree = "<group>"; };
		BCA91F862B91795400EE69E1 /* InsetMapView.swift */ = {isa = PBXFileReference; lastKnownFileType = sourcecode.swift; path = InsetMapView.swift; sourceTree = "<group>"; };
		BCDE59B82B9CF10A0080D503 /* videoModel.swift */ = {isa = PBXFileReference; lastKnownFileType = sourcecode.swift; path = videoModel.swift; sourceTree = "<group>"; };
		BCDE59BA2B9CF16B0080D503 /* VideoListItemView.swift */ = {isa = PBXFileReference; lastKnownFileType = sourcecode.swift; path = VideoListItemView.swift; sourceTree = "<group>"; };
		BCDE59BC2B9CF2450080D503 /* videos.json */ = {isa = PBXFileReference; lastKnownFileType = text.json; path = videos.json; sourceTree = "<group>"; };
/* End PBXFileReference section */

/* Begin PBXFrameworksBuildPhase section */
		BCA91F452B8C1B9B00EE69E1 /* Frameworks */ = {
			isa = PBXFrameworksBuildPhase;
			buildActionMask = 2147483647;
			files = (
			);
			runOnlyForDeploymentPostprocessing = 0;
		};
/* End PBXFrameworksBuildPhase section */

/* Begin PBXGroup section */
		BC5FA1AE2B9E3155005AD6D8 /* video */ = {
			isa = PBXGroup;
			children = (
				BC5FA1B22B9E3175005AD6D8 /* cheetah.mp4 */,
				BC5FA1B12B9E3175005AD6D8 /* elephant.mp4 */,
				BC5FA1B42B9E3175005AD6D8 /* giraffe.mp4 */,
				BC5FA1B02B9E3174005AD6D8 /* gorilla.mp4 */,
				BC5FA1B32B9E3175005AD6D8 /* hippo.mp4 */,
				BC5FA1B82B9E3176005AD6D8 /* lion.mp4 */,
				BC5FA1B52B9E3175005AD6D8 /* lioness.mp4 */,
				BC5FA1B72B9E3176005AD6D8 /* ostrich.mp4 */,
				BC5FA1B62B9E3176005AD6D8 /* rhino.mp4 */,
				BC5FA1AF2B9E3174005AD6D8 /* zebra.mp4 */,
			);
			path = video;
			sourceTree = "<group>";
		};
		BC5FA1C32B9E31C2005AD6D8 /* Helper */ = {
			isa = PBXGroup;
			children = (
				BC5FA1C42B9E31D1005AD6D8 /* VideoPlayerHelper.swift */,
			);
			path = Helper;
			sourceTree = "<group>";
		};
		BCA91F3F2B8C1B9B00EE69E1 = {
			isa = PBXGroup;
			children = (
				BCA91F4A2B8C1B9B00EE69E1 /* Africa */,
				BCA91F492B8C1B9B00EE69E1 /* Products */,
			);
			sourceTree = "<group>";
		};
		BCA91F492B8C1B9B00EE69E1 /* Products */ = {
			isa = PBXGroup;
			children = (
				BCA91F482B8C1B9B00EE69E1 /* Africa.app */,
			);
			name = Products;
			sourceTree = "<group>";
		};
		BCA91F4A2B8C1B9B00EE69E1 /* Africa */ = {
			isa = PBXGroup;
			children = (
				BC5FA1C32B9E31C2005AD6D8 /* Helper */,
				BCA91F702B8E739D00EE69E1 /* Extension */,
				BCA91F612B8C212800EE69E1 /* App */,
				BCA91F6D2B8C34DB00EE69E1 /* Model */,
				BCA91F6A2B8C2EDC00EE69E1 /* View */,
				BCA91F5B2B8C1EF700EE69E1 /* data */,
				BC5FA1AE2B9E3155005AD6D8 /* video */,
				BCA91F4F2B8C1B9D00EE69E1 /* Assets.xcassets */,
				BCA91F602B8C1FF600EE69E1 /* Info.plist */,
				BCA91F512B8C1B9D00EE69E1 /* Preview Content */,
			);
			path = Africa;
			sourceTree = "<group>";
		};
		BCA91F512B8C1B9D00EE69E1 /* Preview Content */ = {
			isa = PBXGroup;
			children = (
				BCA91F522B8C1B9D00EE69E1 /* Preview Assets.xcassets */,
			);
			path = "Preview Content";
			sourceTree = "<group>";
		};
		BCA91F5B2B8C1EF700EE69E1 /* data */ = {
			isa = PBXGroup;
			children = (
				BCA91F742B90358900EE69E1 /* covers.json */,
				BCA91F7C2B90EDFF00EE69E1 /* animals.json */,
				BCDE59BC2B9CF2450080D503 /* videos.json */,
				BC84CF832B9F60D50076FA02 /* dhruvin.json */,
			);
			path = data;
			sourceTree = "<group>";
		};
		BCA91F612B8C212800EE69E1 /* App */ = {
			isa = PBXGroup;
			children = (
				BCA91F4B2B8C1B9B00EE69E1 /* AfricaApp.swift */,
				BCA91F4D2B8C1B9B00EE69E1 /* ContentView.swift */,
				BCA91F622B8C21C800EE69E1 /* VideoListView.swift */,
				BCA91F642B8C21D500EE69E1 /* MapView.swift */,
				BCA91F662B8C21F200EE69E1 /* GalleryView.swift */,
				BCA91F682B8C220300EE69E1 /* MainView.swift */,
			);
			path = App;
			sourceTree = "<group>";
		};
		BCA91F6A2B8C2EDC00EE69E1 /* View */ = {
			isa = PBXGroup;
			children = (
				BCA91F6B2B8C2EEC00EE69E1 /* CoverImageView.swift */,
				BCA91F762B90E87400EE69E1 /* AnimalListItemview.swift */,
				BCA91F7E2B91011C00EE69E1 /* AnimalDetailView.swift */,
				BCA91F802B910C2300EE69E1 /* HeadingView.swift */,
				BCA91F822B910D4700EE69E1 /* InsetGallaryView.swift */,
				BCA91F842B91768000EE69E1 /* InsetFactView.swift */,
				BCA91F862B91795400EE69E1 /* InsetMapView.swift */,
				BC67DB6A2B964A2D00ED4156 /* ExternalWeblinkView.swift */,
				BCDE59BA2B9CF16B0080D503 /* VideoListItemView.swift */,
				BC5FA1AC2B9E3077005AD6D8 /* videoPlayerView.swift */,
			);
			name = View;
			sourceTree = "<group>";
		};
		BCA91F6D2B8C34DB00EE69E1 /* Model */ = {
			isa = PBXGroup;
			children = (
				BCA91F6E2B8C34E900EE69E1 /* CoverImageModel.swift */,
				BCA91F782B90EB7A00EE69E1 /* AnimalModel.swift */,
				BCDE59B82B9CF10A0080D503 /* videoModel.swift */,
				BC5FA1C62B9E4B3F005AD6D8 /* LocationModel.swift */,
			);
			name = Model;
			sourceTree = "<group>";
		};
		BCA91F702B8E739D00EE69E1 /* Extension */ = {
			isa = PBXGroup;
			children = (
				BCA91F712B8E73BE00EE69E1 /* CodebleBundleExtension.swift */,
			);
			name = Extension;
			sourceTree = "<group>";
		};
/* End PBXGroup section */

/* Begin PBXNativeTarget section */
		BCA91F472B8C1B9B00EE69E1 /* Africa */ = {
			isa = PBXNativeTarget;
			buildConfigurationList = BCA91F562B8C1B9D00EE69E1 /* Build configuration list for PBXNativeTarget "Africa" */;
			buildPhases = (
				BCA91F442B8C1B9B00EE69E1 /* Sources */,
				BCA91F452B8C1B9B00EE69E1 /* Frameworks */,
				BCA91F462B8C1B9B00EE69E1 /* Resources */,
			);
			buildRules = (
			);
			dependencies = (
			);
			name = Africa;
			productName = Africa;
			productReference = BCA91F482B8C1B9B00EE69E1 /* Africa.app */;
			productType = "com.apple.product-type.application";
		};
/* End PBXNativeTarget section */

/* Begin PBXProject section */
		BCA91F402B8C1B9B00EE69E1 /* Project object */ = {
			isa = PBXProject;
			attributes = {
				BuildIndependentTargetsInParallel = 1;
				LastSwiftUpdateCheck = 1510;
				LastUpgradeCheck = 1510;
				TargetAttributes = {
					BCA91F472B8C1B9B00EE69E1 = {
						CreatedOnToolsVersion = 15.1;
					};
				};
			};
			buildConfigurationList = BCA91F432B8C1B9B00EE69E1 /* Build configuration list for PBXProject "Africa" */;
			compatibilityVersion = "Xcode 14.0";
			developmentRegion = en;
			hasScannedForEncodings = 0;
			knownRegions = (
				en,
				Base,
			);
			mainGroup = BCA91F3F2B8C1B9B00EE69E1;
			productRefGroup = BCA91F492B8C1B9B00EE69E1 /* Products */;
			projectDirPath = "";
			projectRoot = "";
			targets = (
				BCA91F472B8C1B9B00EE69E1 /* Africa */,
			);
		};
/* End PBXProject section */

/* Begin PBXResourcesBuildPhase section */
		BCA91F462B8C1B9B00EE69E1 /* Resources */ = {
			isa = PBXResourcesBuildPhase;
			buildActionMask = 2147483647;
			files = (
				BC5FA1BD2B9E3176005AD6D8 /* hippo.mp4 in Resources */,
				BC5FA1BE2B9E3176005AD6D8 /* giraffe.mp4 in Resources */,
				BC5FA1C12B9E3176005AD6D8 /* ostrich.mp4 in Resources */,
				BCDE59BD2B9CF2450080D503 /* videos.json in Resources */,
				BC5FA1C02B9E3176005AD6D8 /* rhino.mp4 in Resources */,
				BC5FA1BF2B9E3176005AD6D8 /* lioness.mp4 in Resources */,
				BCA91F752B90358900EE69E1 /* covers.json in Resources */,
				BC84CF842B9F60D50076FA02 /* dhruvin.json in Resources */,
				BCA91F532B8C1B9D00EE69E1 /* Preview Assets.xcassets in Resources */,
				BC5FA1C22B9E3176005AD6D8 /* lion.mp4 in Resources */,
				BC5FA1BA2B9E3176005AD6D8 /* gorilla.mp4 in Resources */,
				BCA91F7D2B90EDFF00EE69E1 /* animals.json in Resources */,
				BC5FA1BC2B9E3176005AD6D8 /* cheetah.mp4 in Resources */,
				BC5FA1B92B9E3176005AD6D8 /* zebra.mp4 in Resources */,
				BCA91F502B8C1B9D00EE69E1 /* Assets.xcassets in Resources */,
				BC5FA1BB2B9E3176005AD6D8 /* elephant.mp4 in Resources */,
			);
			runOnlyForDeploymentPostprocessing = 0;
		};
/* End PBXResourcesBuildPhase section */

/* Begin PBXSourcesBuildPhase section */
		BCA91F442B8C1B9B00EE69E1 /* Sources */ = {
			isa = PBXSourcesBuildPhase;
			buildActionMask = 2147483647;
			files = (
				BC67DB6B2B964A2D00ED4156 /* ExternalWeblinkView.swift in Sources */,
				BCA91F4E2B8C1B9B00EE69E1 /* ContentView.swift in Sources */,
				BCA91F772B90E87400EE69E1 /* AnimalListItemview.swift in Sources */,
				BCA91F692B8C220300EE69E1 /* MainView.swift in Sources */,
				BCA91F6C2B8C2EEC00EE69E1 /* CoverImageView.swift in Sources */,
				BCA91F6F2B8C34E900EE69E1 /* CoverImageModel.swift in Sources */,
				BCA91F832B910D4700EE69E1 /* InsetGallaryView.swift in Sources */,
				BC5FA1AD2B9E3077005AD6D8 /* videoPlayerView.swift in Sources */,
				BCA91F7F2B91011C00EE69E1 /* AnimalDetailView.swift in Sources */,
				BCA91F792B90EB7A00EE69E1 /* AnimalModel.swift in Sources */,
				BC5FA1C52B9E31D1005AD6D8 /* VideoPlayerHelper.swift in Sources */,
				BCA91F652B8C21D500EE69E1 /* MapView.swift in Sources */,
				BCA91F872B91795400EE69E1 /* InsetMapView.swift in Sources */,
				BCA91F4C2B8C1B9B00EE69E1 /* AfricaApp.swift in Sources */,
				BCA91F632B8C21C800EE69E1 /* VideoListView.swift in Sources */,
				BCA91F672B8C21F200EE69E1 /* GalleryView.swift in Sources */,
				BC5FA1C72B9E4B3F005AD6D8 /* LocationModel.swift in Sources */,
				BCA91F722B8E73BE00EE69E1 /* CodebleBundleExtension.swift in Sources */,
				BCA91F812B910C2300EE69E1 /* HeadingView.swift in Sources */,
				BCDE59BB2B9CF16B0080D503 /* VideoListItemView.swift in Sources */,
				BCA91F852B91768000EE69E1 /* InsetFactView.swift in Sources */,
				BCDE59B92B9CF10A0080D503 /* videoModel.swift in Sources */,
			);
			runOnlyForDeploymentPostprocessing = 0;
		};
/* End PBXSourcesBuildPhase section */

/* Begin XCBuildConfiguration section */
		BCA91F542B8C1B9D00EE69E1 /* Debug */ = {
			isa = XCBuildConfiguration;
			buildSettings = {
				ALWAYS_SEARCH_USER_PATHS = NO;
				ASSETCATALOG_COMPILER_GENERATE_SWIFT_ASSET_SYMBOL_EXTENSIONS = YES;
				CLANG_ANALYZER_NONNULL = YES;
				CLANG_ANALYZER_NUMBER_OBJECT_CONVERSION = YES_AGGRESSIVE;
				CLANG_CXX_LANGUAGE_STANDARD = "gnu++20";
				CLANG_ENABLE_MODULES = YES;
				CLANG_ENABLE_OBJC_ARC = YES;
				CLANG_ENABLE_OBJC_WEAK = YES;
				CLANG_WARN_BLOCK_CAPTURE_AUTORELEASING = YES;
				CLANG_WARN_BOOL_CONVERSION = YES;
				CLANG_WARN_COMMA = YES;
				CLANG_WARN_CONSTANT_CONVERSION = YES;
				CLANG_WARN_DEPRECATED_OBJC_IMPLEMENTATIONS = YES;
				CLANG_WARN_DIRECT_OBJC_ISA_USAGE = YES_ERROR;
				CLANG_WARN_DOCUMENTATION_COMMENTS = YES;
				CLANG_WARN_EMPTY_BODY = YES;
				CLANG_WARN_ENUM_CONVERSION = YES;
				CLANG_WARN_INFINITE_RECURSION = YES;
				CLANG_WARN_INT_CONVERSION = YES;
				CLANG_WARN_NON_LITERAL_NULL_CONVERSION = YES;
				CLANG_WARN_OBJC_IMPLICIT_RETAIN_SELF = YES;
				CLANG_WARN_OBJC_LITERAL_CONVERSION = YES;
				CLANG_WARN_OBJC_ROOT_CLASS = YES_ERROR;
				CLANG_WARN_QUOTED_INCLUDE_IN_FRAMEWORK_HEADER = YES;
				CLANG_WARN_RANGE_LOOP_ANALYSIS = YES;
				CLANG_WARN_STRICT_PROTOTYPES = YES;
				CLANG_WARN_SUSPICIOUS_MOVE = YES;
				CLANG_WARN_UNGUARDED_AVAILABILITY = YES_AGGRESSIVE;
				CLANG_WARN_UNREACHABLE_CODE = YES;
				CLANG_WARN__DUPLICATE_METHOD_MATCH = YES;
				COPY_PHASE_STRIP = NO;
				DEBUG_INFORMATION_FORMAT = dwarf;
				ENABLE_STRICT_OBJC_MSGSEND = YES;
				ENABLE_TESTABILITY = YES;
				ENABLE_USER_SCRIPT_SANDBOXING = YES;
				GCC_C_LANGUAGE_STANDARD = gnu17;
				GCC_DYNAMIC_NO_PIC = NO;
				GCC_NO_COMMON_BLOCKS = YES;
				GCC_OPTIMIZATION_LEVEL = 0;
				GCC_PREPROCESSOR_DEFINITIONS = (
					"DEBUG=1",
					"$(inherited)",
				);
				GCC_WARN_64_TO_32_BIT_CONVERSION = YES;
				GCC_WARN_ABOUT_RETURN_TYPE = YES_ERROR;
				GCC_WARN_UNDECLARED_SELECTOR = YES;
				GCC_WARN_UNINITIALIZED_AUTOS = YES_AGGRESSIVE;
				GCC_WARN_UNUSED_FUNCTION = YES;
				GCC_WARN_UNUSED_VARIABLE = YES;
				IPHONEOS_DEPLOYMENT_TARGET = 17.2;
				LOCALIZATION_PREFERS_STRING_CATALOGS = YES;
				MTL_ENABLE_DEBUG_INFO = INCLUDE_SOURCE;
				MTL_FAST_MATH = YES;
				ONLY_ACTIVE_ARCH = YES;
				SDKROOT = iphoneos;
				SWIFT_ACTIVE_COMPILATION_CONDITIONS = "DEBUG $(inherited)";
				SWIFT_OPTIMIZATION_LEVEL = "-Onone";
			};
			name = Debug;
		};
		BCA91F552B8C1B9D00EE69E1 /* Release */ = {
			isa = XCBuildConfiguration;
			buildSettings = {
				ALWAYS_SEARCH_USER_PATHS = NO;
				ASSETCATALOG_COMPILER_GENERATE_SWIFT_ASSET_SYMBOL_EXTENSIONS = YES;
				CLANG_ANALYZER_NONNULL = YES;
				CLANG_ANALYZER_NUMBER_OBJECT_CONVERSION = YES_AGGRESSIVE;
				CLANG_CXX_LANGUAGE_STANDARD = "gnu++20";
				CLANG_ENABLE_MODULES = YES;
				CLANG_ENABLE_OBJC_ARC = YES;
				CLANG_ENABLE_OBJC_WEAK = YES;
				CLANG_WARN_BLOCK_CAPTURE_AUTORELEASING = YES;
				CLANG_WARN_BOOL_CONVERSION = YES;
				CLANG_WARN_COMMA = YES;
				CLANG_WARN_CONSTANT_CONVERSION = YES;
				CLANG_WARN_DEPRECATED_OBJC_IMPLEMENTATIONS = YES;
				CLANG_WARN_DIRECT_OBJC_ISA_USAGE = YES_ERROR;
				CLANG_WARN_DOCUMENTATION_COMMENTS = YES;
				CLANG_WARN_EMPTY_BODY = YES;
				CLANG_WARN_ENUM_CONVERSION = YES;
				CLANG_WARN_INFINITE_RECURSION = YES;
				CLANG_WARN_INT_CONVERSION = YES;
				CLANG_WARN_NON_LITERAL_NULL_CONVERSION = YES;
				CLANG_WARN_OBJC_IMPLICIT_RETAIN_SELF = YES;
				CLANG_WARN_OBJC_LITERAL_CONVERSION = YES;
				CLANG_WARN_OBJC_ROOT_CLASS = YES_ERROR;
				CLANG_WARN_QUOTED_INCLUDE_IN_FRAMEWORK_HEADER = YES;
				CLANG_WARN_RANGE_LOOP_ANALYSIS = YES;
				CLANG_WARN_STRICT_PROTOTYPES = YES;
				CLANG_WARN_SUSPICIOUS_MOVE = YES;
				CLANG_WARN_UNGUARDED_AVAILABILITY = YES_AGGRESSIVE;
				CLANG_WARN_UNREACHABLE_CODE = YES;
				CLANG_WARN__DUPLICATE_METHOD_MATCH = YES;
				COPY_PHASE_STRIP = NO;
				DEBUG_INFORMATION_FORMAT = "dwarf-with-dsym";
				ENABLE_NS_ASSERTIONS = NO;
				ENABLE_STRICT_OBJC_MSGSEND = YES;
				ENABLE_USER_SCRIPT_SANDBOXING = YES;
				GCC_C_LANGUAGE_STANDARD = gnu17;
				GCC_NO_COMMON_BLOCKS = YES;
				GCC_WARN_64_TO_32_BIT_CONVERSION = YES;
				GCC_WARN_ABOUT_RETURN_TYPE = YES_ERROR;
				GCC_WARN_UNDECLARED_SELECTOR = YES;
				GCC_WARN_UNINITIALIZED_AUTOS = YES_AGGRESSIVE;
				GCC_WARN_UNUSED_FUNCTION = YES;
				GCC_WARN_UNUSED_VARIABLE = YES;
				IPHONEOS_DEPLOYMENT_TARGET = 17.2;
				LOCALIZATION_PREFERS_STRING_CATALOGS = YES;
				MTL_ENABLE_DEBUG_INFO = NO;
				MTL_FAST_MATH = YES;
				SDKROOT = iphoneos;
				SWIFT_COMPILATION_MODE = wholemodule;
				VALIDATE_PRODUCT = YES;
			};
			name = Release;
		};
		BCA91F572B8C1B9D00EE69E1 /* Debug */ = {
			isa = XCBuildConfiguration;
			buildSettings = {
				ASSETCATALOG_COMPILER_APPICON_NAME = AppIcon;
				ASSETCATALOG_COMPILER_GLOBAL_ACCENT_COLOR_NAME = AccentColor;
				CODE_SIGN_STYLE = Automatic;
				CURRENT_PROJECT_VERSION = 1;
				DEVELOPMENT_ASSET_PATHS = "\"Africa/Preview Content\"";
				DEVELOPMENT_TEAM = 5ZFAZB7PYH;
				ENABLE_PREVIEWS = YES;
				GENERATE_INFOPLIST_FILE = YES;
				INFOPLIST_FILE = Africa/Info.plist;
				INFOPLIST_KEY_UIApplicationSceneManifest_Generation = YES;
				INFOPLIST_KEY_UIApplicationSupportsIndirectInputEvents = YES;
				INFOPLIST_KEY_UISupportedInterfaceOrientations_iPad = "UIInterfaceOrientationPortrait UIInterfaceOrientationPortraitUpsideDown UIInterfaceOrientationLandscapeLeft UIInterfaceOrientationLandscapeRight";
				INFOPLIST_KEY_UISupportedInterfaceOrientations_iPhone = "UIInterfaceOrientationPortrait UIInterfaceOrientationLandscapeLeft UIInterfaceOrientationLandscapeRight";
				INFOPLIST_KEY_UIUserInterfaceStyle = Dark;
				LD_RUNPATH_SEARCH_PATHS = (
					"$(inherited)",
					"@executable_path/Frameworks",
				);
				MARKETING_VERSION = 1.0;
				PRODUCT_BUNDLE_IDENTIFIER = com.fanshawe.Africa;
				PRODUCT_NAME = "$(TARGET_NAME)";
				SWIFT_EMIT_LOC_STRINGS = YES;
				SWIFT_VERSION = 5.0;
				TARGETED_DEVICE_FAMILY = "1,2";
			};
			name = Debug;
		};
		BCA91F582B8C1B9D00EE69E1 /* Release */ = {
			isa = XCBuildConfiguration;
			buildSettings = {
				ASSETCATALOG_COMPILER_APPICON_NAME = AppIcon;
				ASSETCATALOG_COMPILER_GLOBAL_ACCENT_COLOR_NAME = AccentColor;
				CODE_SIGN_STYLE = Automatic;
				CURRENT_PROJECT_VERSION = 1;
				DEVELOPMENT_ASSET_PATHS = "\"Africa/Preview Content\"";
				DEVELOPMENT_TEAM = 5ZFAZB7PYH;
				ENABLE_PREVIEWS = YES;
				GENERATE_INFOPLIST_FILE = YES;
				INFOPLIST_FILE = Africa/Info.plist;
				INFOPLIST_KEY_UIApplicationSceneManifest_Generation = YES;
				INFOPLIST_KEY_UIApplicationSupportsIndirectInputEvents = YES;
				INFOPLIST_KEY_UISupportedInterfaceOrientations_iPad = "UIInterfaceOrientationPortrait UIInterfaceOrientationPortraitUpsideDown UIInterfaceOrientationLandscapeLeft UIInterfaceOrientationLandscapeRight";
				INFOPLIST_KEY_UISupportedInterfaceOrientations_iPhone = "UIInterfaceOrientationPortrait UIInterfaceOrientationLandscapeLeft UIInterfaceOrientationLandscapeRight";
				INFOPLIST_KEY_UIUserInterfaceStyle = Dark;
				LD_RUNPATH_SEARCH_PATHS = (
					"$(inherited)",
					"@executable_path/Frameworks",
				);
				MARKETING_VERSION = 1.0;
				PRODUCT_BUNDLE_IDENTIFIER = com.fanshawe.Africa;
				PRODUCT_NAME = "$(TARGET_NAME)";
				SWIFT_EMIT_LOC_STRINGS = YES;
				SWIFT_VERSION = 5.0;
				TARGETED_DEVICE_FAMILY = "1,2";
			};
			name = Release;
		};
/* End XCBuildConfiguration section */

/* Begin XCConfigurationList section */
		BCA91F432B8C1B9B00EE69E1 /* Build configuration list for PBXProject "Africa" */ = {
			isa = XCConfigurationList;
			buildConfigurations = (
				BCA91F542B8C1B9D00EE69E1 /* Debug */,
				BCA91F552B8C1B9D00EE69E1 /* Release */,
			);
			defaultConfigurationIsVisible = 0;
			defaultConfigurationName = Release;
		};
		BCA91F562B8C1B9D00EE69E1 /* Build configuration list for PBXNativeTarget "Africa" */ = {
			isa = XCConfigurationList;
			buildConfigurations = (
				BCA91F572B8C1B9D00EE69E1 /* Debug */,
				BCA91F582B8C1B9D00EE69E1 /* Release */,
			);
			defaultConfigurationIsVisible = 0;
			defaultConfigurationName = Release;
		};
/* End XCConfigurationList section */
	};
	rootObject = BCA91F402B8C1B9B00EE69E1 /* Project object */;
}
